
Microsoft Visual Studio Solution File, Format Version 12.00
# Visual Studio Version 16
VisualStudioVersion = 16.0.29418.71
MinimumVisualStudioVersion = 10.0.40219.1
Project("{2150E333-8FDC-42A3-9474-1A3956D46DE8}") = "Tests", "Tests", "{BECE6860-D066-4502-AB89-204DA979BED5}"
EndProject
Project("{2150E333-8FDC-42A3-9474-1A3956D46DE8}") = "SolutionItems", "SolutionItems", "{5E6BB39C-47C6-4920-9B0A-E8433BF144B2}"
	ProjectSection(SolutionItems) = preProject
		..\CONTRIBUTING.md = ..\CONTRIBUTING.md
		..\README.md = ..\README.md
	EndProjectSection
EndProject
Project("{FAE04EC0-301F-11D3-BF4B-00C04F79EFBC}") = "Capgemini.Xrm.CdsDataMigratorLibrary.Tests.Unit", "Capgemini.Xrm.CdsDataMigratorLibrary.Tests.Unit\Capgemini.Xrm.CdsDataMigratorLibrary.Tests.Unit.csproj", "{02FE1C61-34F2-4F47-9860-CE4B67BE915E}"
EndProject
Project("{FAE04EC0-301F-11D3-BF4B-00C04F79EFBC}") = "Capgemini.Xrm.CdsDataMigrator", "Capgemini.Xrm.CdsDataMigrator\Capgemini.Xrm.CdsDataMigrator.csproj", "{94CFA298-B643-477B-A329-F184EBF68CF6}"
EndProject
Project("{FAE04EC0-301F-11D3-BF4B-00C04F79EFBC}") = "Capgemini.Xrm.CdsDataMigratorLibrary", "Capgemini.Xrm.CdsDataMigratorLibrary\Capgemini.Xrm.CdsDataMigratorLibrary.csproj", "{A801DF1A-367D-42E8-8AFF-CB03179A774E}"
EndProject
Global
	GlobalSection(SolutionConfigurationPlatforms) = preSolution
		Debug|Any CPU = Debug|Any CPU
		Release|Any CPU = Release|Any CPU
	EndGlobalSection
	GlobalSection(ProjectConfigurationPlatforms) = postSolution
		{02FE1C61-34F2-4F47-9860-CE4B67BE915E}.Debug|Any CPU.ActiveCfg = Debug|Any CPU
		{02FE1C61-34F2-4F47-9860-CE4B67BE915E}.Debug|Any CPU.Build.0 = Debug|Any CPU
		{02FE1C61-34F2-4F47-9860-CE4B67BE915E}.Release|Any CPU.ActiveCfg = Release|Any CPU
		{02FE1C61-34F2-4F47-9860-CE4B67BE915E}.Release|Any CPU.Build.0 = Release|Any CPU
		{94CFA298-B643-477B-A329-F184EBF68CF6}.Debug|Any CPU.ActiveCfg = Debug|Any CPU
		{94CFA298-B643-477B-A329-F184EBF68CF6}.Debug|Any CPU.Build.0 = Debug|Any CPU
		{94CFA298-B643-477B-A329-F184EBF68CF6}.Release|Any CPU.ActiveCfg = Release|Any CPU
		{94CFA298-B643-477B-A329-F184EBF68CF6}.Release|Any CPU.Build.0 = Release|Any CPU
		{A801DF1A-367D-42E8-8AFF-CB03179A774E}.Debug|Any CPU.ActiveCfg = Debug|Any CPU
		{A801DF1A-367D-42E8-8AFF-CB03179A774E}.Debug|Any CPU.Build.0 = Debug|Any CPU
		{A801DF1A-367D-42E8-8AFF-CB03179A774E}.Release|Any CPU.ActiveCfg = Release|Any CPU
		{A801DF1A-367D-42E8-8AFF-CB03179A774E}.Release|Any CPU.Build.0 = Release|Any CPU
	EndGlobalSection
	GlobalSection(SolutionProperties) = preSolution
		HideSolutionNode = FALSE
	EndGlobalSection
	GlobalSection(NestedProjects) = preSolution
		{02FE1C61-34F2-4F47-9860-CE4B67BE915E} = {BECE6860-D066-4502-AB89-204DA979BED5}
	EndGlobalSection
	GlobalSection(ExtensibilityGlobals) = postSolution
		SolutionGuid = {661BCCDD-E1AB-402B-8CD2-C1E9980E0D9A}
	EndGlobalSection
EndGlobal
